
Microsoft Visual Studio Solution File, Format Version 12.00
# Visual Studio Version 17
VisualStudioVersion = 17.8.34525.116
MinimumVisualStudioVersion = 10.0.40219.1
Project("{9A19103F-16F7-4668-BE54-9A1E7A4F7556}") = "TheST.App", "TheST.App\TheST.App.csproj", "{97A7E5D3-41F7-4E45-A11A-E7AA1984ED3B}"
EndProject
Project("{9A19103F-16F7-4668-BE54-9A1E7A4F7556}") = "TheST.Core", "TheST.Core\TheST.Core.csproj", "{6DE457E6-63ED-452D-895B-285FF56FB699}"
EndProject
Project("{2150E333-8FDC-42A3-9474-1A3956D46DE8}") = "Audio", "Audio", "{22F773C1-C9EE-426E-A089-A6DFB9192203}"
EndProject
Project("{9A19103F-16F7-4668-BE54-9A1E7A4F7556}") = "Audio.Core", "Audio.Core\Audio.Core.csproj", "{90E88465-7A60-4CBB-AC4C-7F0B046231EE}"
EndProject
Project("{9A19103F-16F7-4668-BE54-9A1E7A4F7556}") = "Audio.Playback", "Audio.Capturing\Audio.Playback.csproj", "{5062CFCE-A4D4-4E94-90BF-93F62678AF24}"
EndProject
Project("{FAE04EC0-301F-11D3-BF4B-00C04F79EFBC}") = "Audio.Capture", "Audio.Capture\Audio.Capture.csproj", "{1956C3A2-E2E0-4F0F-AC81-17CD42E7C0EE}"
EndProject
Global
	GlobalSection(SolutionConfigurationPlatforms) = preSolution
		Debug|Any CPU = Debug|Any CPU
		Release|Any CPU = Release|Any CPU
	EndGlobalSection
	GlobalSection(ProjectConfigurationPlatforms) = postSolution
		{97A7E5D3-41F7-4E45-A11A-E7AA1984ED3B}.Debug|Any CPU.ActiveCfg = Debug|Any CPU
		{97A7E5D3-41F7-4E45-A11A-E7AA1984ED3B}.Debug|Any CPU.Build.0 = Debug|Any CPU
		{97A7E5D3-41F7-4E45-A11A-E7AA1984ED3B}.Release|Any CPU.ActiveCfg = Release|Any CPU
		{97A7E5D3-41F7-4E45-A11A-E7AA1984ED3B}.Release|Any CPU.Build.0 = Release|Any CPU
		{6DE457E6-63ED-452D-895B-285FF56FB699}.Debug|Any CPU.ActiveCfg = Debug|Any CPU
		{6DE457E6-63ED-452D-895B-285FF56FB699}.Debug|Any CPU.Build.0 = Debug|Any CPU
		{6DE457E6-63ED-452D-895B-285FF56FB699}.Release|Any CPU.ActiveCfg = Release|Any CPU
		{6DE457E6-63ED-452D-895B-285FF56FB699}.Release|Any CPU.Build.0 = Release|Any CPU
		{90E88465-7A60-4CBB-AC4C-7F0B046231EE}.Debug|Any CPU.ActiveCfg = Debug|Any CPU
		{90E88465-7A60-4CBB-AC4C-7F0B046231EE}.Debug|Any CPU.Build.0 = Debug|Any CPU
		{90E88465-7A60-4CBB-AC4C-7F0B046231EE}.Release|Any CPU.ActiveCfg = Release|Any CPU
		{90E88465-7A60-4CBB-AC4C-7F0B046231EE}.Release|Any CPU.Build.0 = Release|Any CPU
		{5062CFCE-A4D4-4E94-90BF-93F62678AF24}.Debug|Any CPU.ActiveCfg = Debug|Any CPU
		{5062CFCE-A4D4-4E94-90BF-93F62678AF24}.Debug|Any CPU.Build.0 = Debug|Any CPU
		{5062CFCE-A4D4-4E94-90BF-93F62678AF24}.Release|Any CPU.ActiveCfg = Release|Any CPU
		{5062CFCE-A4D4-4E94-90BF-93F62678AF24}.Release|Any CPU.Build.0 = Release|Any CPU
		{1956C3A2-E2E0-4F0F-AC81-17CD42E7C0EE}.Debug|Any CPU.ActiveCfg = Debug|Any CPU
		{1956C3A2-E2E0-4F0F-AC81-17CD42E7C0EE}.Debug|Any CPU.Build.0 = Debug|Any CPU
		{1956C3A2-E2E0-4F0F-AC81-17CD42E7C0EE}.Release|Any CPU.ActiveCfg = Release|Any CPU
		{1956C3A2-E2E0-4F0F-AC81-17CD42E7C0EE}.Release|Any CPU.Build.0 = Release|Any CPU
	EndGlobalSection
	GlobalSection(SolutionProperties) = preSolution
		HideSolutionNode = FALSE
	EndGlobalSection
	GlobalSection(NestedProjects) = preSolution
		{90E88465-7A60-4CBB-AC4C-7F0B046231EE} = {22F773C1-C9EE-426E-A089-A6DFB9192203}
		{5062CFCE-A4D4-4E94-90BF-93F62678AF24} = {22F773C1-C9EE-426E-A089-A6DFB9192203}
		{1956C3A2-E2E0-4F0F-AC81-17CD42E7C0EE} = {22F773C1-C9EE-426E-A089-A6DFB9192203}
	EndGlobalSection
	GlobalSection(ExtensibilityGlobals) = postSolution
		SolutionGuid = {50C32220-70C8-4BFB-89C6-59706224D50D}
	EndGlobalSection
EndGlobal
