
Microsoft Visual Studio Solution File, Format Version 12.00
# Visual Studio Version 17
VisualStudioVersion = 17.8.34525.116
MinimumVisualStudioVersion = 10.0.40219.1
Project("{9A19103F-16F7-4668-BE54-9A1E7A4F7556}") = "TheST.Infrastructure", "TheST.Infrastructure\TheST.Infrastructure.csproj", "{0C4C5A63-6AA4-4BCE-8BAA-F1DD65271507}"
EndProject
Project("{9A19103F-16F7-4668-BE54-9A1E7A4F7556}") = "TheST.Domain", "TheST.Domain\TheST.Domain.csproj", "{966C67B1-1443-4E05-A316-2F038AC84C49}"
EndProject
Project("{9A19103F-16F7-4668-BE54-9A1E7A4F7556}") = "TheST.Application", "TheST.Application\TheST.Application.csproj", "{F70C7F5A-A003-4523-96D5-222958EDE38D}"
EndProject
Project("{9A19103F-16F7-4668-BE54-9A1E7A4F7556}") = "TheST.Common", "TheST.Common\TheST.Common.csproj", "{5647379B-5DE0-438D-B607-5C27D12B2976}"
EndProject
Project("{2150E333-8FDC-42A3-9474-1A3956D46DE8}") = "Audio", "Audio", "{25D873A4-967E-4912-BE05-B1E1F344C050}"
EndProject
Project("{9A19103F-16F7-4668-BE54-9A1E7A4F7556}") = "Audio.Core", "Audio.Core\Audio.Core.csproj", "{7C7080CA-697D-4219-BEA0-332317A543C0}"
EndProject
Project("{9A19103F-16F7-4668-BE54-9A1E7A4F7556}") = "Audio.Playback", "Audio.Playback\Audio.Playback.csproj", "{36D02D5D-F26F-4E8D-B8D3-816717216038}"
EndProject
Project("{9A19103F-16F7-4668-BE54-9A1E7A4F7556}") = "Audio.Capture", "Audio.Capture\Audio.Capture.csproj", "{DFBF800B-F272-46A1-84B5-149285BC57F1}"
EndProject
Project("{9A19103F-16F7-4668-BE54-9A1E7A4F7556}") = "TheST.Presentation", "TheST.Presentation\TheST.Presentation.csproj", "{7BB1BDA7-364D-4F89-87F8-5A0347248026}"
EndProject
Global
	GlobalSection(SolutionConfigurationPlatforms) = preSolution
		Debug|Any CPU = Debug|Any CPU
		Release|Any CPU = Release|Any CPU
	EndGlobalSection
	GlobalSection(ProjectConfigurationPlatforms) = postSolution
		{0C4C5A63-6AA4-4BCE-8BAA-F1DD65271507}.Debug|Any CPU.ActiveCfg = Debug|Any CPU
		{0C4C5A63-6AA4-4BCE-8BAA-F1DD65271507}.Debug|Any CPU.Build.0 = Debug|Any CPU
		{0C4C5A63-6AA4-4BCE-8BAA-F1DD65271507}.Release|Any CPU.ActiveCfg = Release|Any CPU
		{0C4C5A63-6AA4-4BCE-8BAA-F1DD65271507}.Release|Any CPU.Build.0 = Release|Any CPU
		{966C67B1-1443-4E05-A316-2F038AC84C49}.Debug|Any CPU.ActiveCfg = Debug|Any CPU
		{966C67B1-1443-4E05-A316-2F038AC84C49}.Debug|Any CPU.Build.0 = Debug|Any CPU
		{966C67B1-1443-4E05-A316-2F038AC84C49}.Release|Any CPU.ActiveCfg = Release|Any CPU
		{966C67B1-1443-4E05-A316-2F038AC84C49}.Release|Any CPU.Build.0 = Release|Any CPU
		{F70C7F5A-A003-4523-96D5-222958EDE38D}.Debug|Any CPU.ActiveCfg = Debug|Any CPU
		{F70C7F5A-A003-4523-96D5-222958EDE38D}.Debug|Any CPU.Build.0 = Debug|Any CPU
		{F70C7F5A-A003-4523-96D5-222958EDE38D}.Release|Any CPU.ActiveCfg = Release|Any CPU
		{F70C7F5A-A003-4523-96D5-222958EDE38D}.Release|Any CPU.Build.0 = Release|Any CPU
		{5647379B-5DE0-438D-B607-5C27D12B2976}.Debug|Any CPU.ActiveCfg = Debug|Any CPU
		{5647379B-5DE0-438D-B607-5C27D12B2976}.Debug|Any CPU.Build.0 = Debug|Any CPU
		{5647379B-5DE0-438D-B607-5C27D12B2976}.Release|Any CPU.ActiveCfg = Release|Any CPU
		{5647379B-5DE0-438D-B607-5C27D12B2976}.Release|Any CPU.Build.0 = Release|Any CPU
		{7C7080CA-697D-4219-BEA0-332317A543C0}.Debug|Any CPU.ActiveCfg = Debug|Any CPU
		{7C7080CA-697D-4219-BEA0-332317A543C0}.Debug|Any CPU.Build.0 = Debug|Any CPU
		{7C7080CA-697D-4219-BEA0-332317A543C0}.Release|Any CPU.ActiveCfg = Release|Any CPU
		{7C7080CA-697D-4219-BEA0-332317A543C0}.Release|Any CPU.Build.0 = Release|Any CPU
		{36D02D5D-F26F-4E8D-B8D3-816717216038}.Debug|Any CPU.ActiveCfg = Debug|Any CPU
		{36D02D5D-F26F-4E8D-B8D3-816717216038}.Debug|Any CPU.Build.0 = Debug|Any CPU
		{36D02D5D-F26F-4E8D-B8D3-816717216038}.Release|Any CPU.ActiveCfg = Release|Any CPU
		{36D02D5D-F26F-4E8D-B8D3-816717216038}.Release|Any CPU.Build.0 = Release|Any CPU
		{DFBF800B-F272-46A1-84B5-149285BC57F1}.Debug|Any CPU.ActiveCfg = Debug|Any CPU
		{DFBF800B-F272-46A1-84B5-149285BC57F1}.Debug|Any CPU.Build.0 = Debug|Any CPU
		{DFBF800B-F272-46A1-84B5-149285BC57F1}.Release|Any CPU.ActiveCfg = Release|Any CPU
		{DFBF800B-F272-46A1-84B5-149285BC57F1}.Release|Any CPU.Build.0 = Release|Any CPU
		{7BB1BDA7-364D-4F89-87F8-5A0347248026}.Debug|Any CPU.ActiveCfg = Debug|Any CPU
		{7BB1BDA7-364D-4F89-87F8-5A0347248026}.Debug|Any CPU.Build.0 = Debug|Any CPU
		{7BB1BDA7-364D-4F89-87F8-5A0347248026}.Debug|Any CPU.Deploy.0 = Debug|Any CPU
		{7BB1BDA7-364D-4F89-87F8-5A0347248026}.Release|Any CPU.ActiveCfg = Release|Any CPU
		{7BB1BDA7-364D-4F89-87F8-5A0347248026}.Release|Any CPU.Build.0 = Release|Any CPU
		{7BB1BDA7-364D-4F89-87F8-5A0347248026}.Release|Any CPU.Deploy.0 = Release|Any CPU
	EndGlobalSection
	GlobalSection(SolutionProperties) = preSolution
		HideSolutionNode = FALSE
	EndGlobalSection
	GlobalSection(NestedProjects) = preSolution
		{7C7080CA-697D-4219-BEA0-332317A543C0} = {25D873A4-967E-4912-BE05-B1E1F344C050}
		{36D02D5D-F26F-4E8D-B8D3-816717216038} = {25D873A4-967E-4912-BE05-B1E1F344C050}
		{DFBF800B-F272-46A1-84B5-149285BC57F1} = {25D873A4-967E-4912-BE05-B1E1F344C050}
	EndGlobalSection
	GlobalSection(ExtensibilityGlobals) = postSolution
		SolutionGuid = {50C32220-70C8-4BFB-89C6-59706224D50D}
	EndGlobalSection
EndGlobal
